<?xml version="1.0" encoding="utf-8"?>
<Project ToolsVersion="4.0" xmlns="http://schemas.microsoft.com/developer/msbuild/2003">
  <ItemGroup>
    <Filter Include="Characters">
      <UniqueIdentifier>{25B2E54C-116A-279A-7A71-00F66648C28A}</UniqueIdentifier>
    </Filter>
    <Filter Include="ConsoleEngine">
      <UniqueIdentifier>{4EEC5EC0-BAAC-DAF6-83E7-2374EF661FD3}</UniqueIdentifier>
    </Filter>
    <Filter Include="Menu">
      <UniqueIdentifier>{FA04897C-E63B-8A0D-8F28-70107B3E060F}</UniqueIdentifier>
    </Filter>
    <Filter Include="Pickups">
      <UniqueIdentifier>{C46A1C0E-304A-9BA9-3962-2680A5C0010B}</UniqueIdentifier>
    </Filter>
  </ItemGroup>
  <ItemGroup>
    <ClInclude Include="Source\Characters\Characters.h">
      <Filter>Characters</Filter>
    </ClInclude>
    <ClInclude Include="Source\Characters\Enemy.h">
      <Filter>Characters</Filter>
    </ClInclude>
    <ClInclude Include="Source\Characters\Player.h">
      <Filter>Characters</Filter>
    </ClInclude>
    <ClInclude Include="Source\ConsoleEngine\DzX_ConsoleEngine.h">
      <Filter>ConsoleEngine</Filter>
    </ClInclude>
    <ClInclude Include="Source\Game.h" />
    <ClInclude Include="Source\Global.h" />
    <ClInclude Include="Source\Menu\MainMenu.h">
      <Filter>Menu</Filter>
    </ClInclude>
    <ClInclude Include="Source\Menu\PlayerMenu.h">
      <Filter>Menu</Filter>
    </ClInclude>
    <ClInclude Include="Source\Pickups\Pickup.h">
      <Filter>Pickups</Filter>
    </ClInclude>
  </ItemGroup>
  <ItemGroup>
    <ClCompile Include="Source\Characters\Characters.cpp">
      <Filter>Characters</Filter>
    </ClCompile>
    <ClCompile Include="Source\Characters\Enemy.cpp">
      <Filter>Characters</Filter>
    </ClCompile>
    <ClCompile Include="Source\Characters\Player.cpp">
      <Filter>Characters</Filter>
    </ClCompile>
    <ClCompile Include="Source\ConsoleEngine\DzX_ConsoleEngine.cpp">
      <Filter>ConsoleEngine</Filter>
    </ClCompile>
    <ClCompile Include="Source\Game.cpp" />
    <ClCompile Include="Source\Global.cpp" />
    <ClCompile Include="Source\Menu\MainMenu.cpp">
      <Filter>Menu</Filter>
    </ClCompile>
    <ClCompile Include="Source\Menu\PlayerMenu.cpp">
      <Filter>Menu</Filter>
    </ClCompile>
    <ClCompile Include="Source\Pickups\Pickup.cpp">
      <Filter>Pickups</Filter>
    </ClCompile>
    <ClCompile Include="Source\pugixml.cpp" />
  </ItemGroup>
</Project>